// !$*UTF8*$!
{
	archiveVersion = 1;
	classes = {
	};
	objectVersion = 50;
	objects = {

/* Begin PBXBuildFile section */
		184E01232602FF3E00761090 /* Response.swift in Sources */ = {isa = PBXBuildFile; fileRef = 184E01222602FF3E00761090 /* Response.swift */; };
		189AD6F425FF08CC00F70299 /* AppDelegate.swift in Sources */ = {isa = PBXBuildFile; fileRef = 189AD6F325FF08CC00F70299 /* AppDelegate.swift */; };
		189AD6F625FF08CC00F70299 /* SceneDelegate.swift in Sources */ = {isa = PBXBuildFile; fileRef = 189AD6F525FF08CC00F70299 /* SceneDelegate.swift */; };
		189AD6F825FF08CC00F70299 /* ViewController.swift in Sources */ = {isa = PBXBuildFile; fileRef = 189AD6F725FF08CC00F70299 /* ViewController.swift */; };
		189AD6FB25FF08CC00F70299 /* Main.storyboard in Resources */ = {isa = PBXBuildFile; fileRef = 189AD6F925FF08CC00F70299 /* Main.storyboard */; };
		189AD6FD25FF08CD00F70299 /* Assets.xcassets in Resources */ = {isa = PBXBuildFile; fileRef = 189AD6FC25FF08CD00F70299 /* Assets.xcassets */; };
		189AD70025FF08CD00F70299 /* LaunchScreen.storyboard in Resources */ = {isa = PBXBuildFile; fileRef = 189AD6FE25FF08CD00F70299 /* LaunchScreen.storyboard */; };
		189AD70925FF0F4A00F70299 /* Constant.swift in Sources */ = {isa = PBXBuildFile; fileRef = 189AD70825FF0F4A00F70299 /* Constant.swift */; };
		189AD70C25FF117400F70299 /* Vidio.swift in Sources */ = {isa = PBXBuildFile; fileRef = 189AD70B25FF117400F70299 /* Vidio.swift */; };
		189AD70F25FF123F00F70299 /* Model.swift in Sources */ = {isa = PBXBuildFile; fileRef = 189AD70E25FF123F00F70299 /* Model.swift */; };
/* End PBXBuildFile section */

/* Begin PBXFileReference section */
		184E01222602FF3E00761090 /* Response.swift */ = {isa = PBXFileReference; lastKnownFileType = sourcecode.swift; path = Response.swift; sourceTree = "<group>"; };
		189AD6F025FF08CC00F70299 /* YouTubeStoryBoard.app */ = {isa = PBXFileReference; explicitFileType = wrapper.application; includeInIndex = 0; path = YouTubeStoryBoard.app; sourceTree = BUILT_PRODUCTS_DIR; };
		189AD6F325FF08CC00F70299 /* AppDelegate.swift */ = {isa = PBXFileReference; lastKnownFileType = sourcecode.swift; path = AppDelegate.swift; sourceTree = "<group>"; };
		189AD6F525FF08CC00F70299 /* SceneDelegate.swift */ = {isa = PBXFileReference; lastKnownFileType = sourcecode.swift; path = SceneDelegate.swift; sourceTree = "<group>"; };
		189AD6F725FF08CC00F70299 /* ViewController.swift */ = {isa = PBXFileReference; lastKnownFileType = sourcecode.swift; path = ViewController.swift; sourceTree = "<group>"; };
		189AD6FA25FF08CC00F70299 /* Base */ = {isa = PBXFileReference; lastKnownFileType = file.storyboard; name = Base; path = Base.lproj/Main.storyboard; sourceTree = "<group>"; };
		189AD6FC25FF08CD00F70299 /* Assets.xcassets */ = {isa = PBXFileReference; lastKnownFileType = folder.assetcatalog; path = Assets.xcassets; sourceTree = "<group>"; };
		189AD6FF25FF08CD00F70299 /* Base */ = {isa = PBXFileReference; lastKnownFileType = file.storyboard; name = Base; path = Base.lproj/LaunchScreen.storyboard; sourceTree = "<group>"; };
		189AD70125FF08CD00F70299 /* Info.plist */ = {isa = PBXFileReference; lastKnownFileType = text.plist.xml; path = Info.plist; sourceTree = "<group>"; };
		189AD70825FF0F4A00F70299 /* Constant.swift */ = {isa = PBXFileReference; lastKnownFileType = sourcecode.swift; path = Constant.swift; sourceTree = "<group>"; };
		189AD70B25FF117400F70299 /* Vidio.swift */ = {isa = PBXFileReference; lastKnownFileType = sourcecode.swift; path = Vidio.swift; sourceTree = "<group>"; };
		189AD70E25FF123F00F70299 /* Model.swift */ = {isa = PBXFileReference; lastKnownFileType = sourcecode.swift; path = Model.swift; sourceTree = "<group>"; };
/* End PBXFileReference section */

/* Begin PBXFrameworksBuildPhase section */
		189AD6ED25FF08CC00F70299 /* Frameworks */ = {
			isa = PBXFrameworksBuildPhase;
			buildActionMask = 2147483647;
			files = (
			);
			runOnlyForDeploymentPostprocessing = 0;
		};
/* End PBXFrameworksBuildPhase section */

/* Begin PBXGroup section */
		189AD6E725FF08CC00F70299 = {
			isa = PBXGroup;
			children = (
				189AD6F225FF08CC00F70299 /* YouTubeStoryBoard */,
				189AD6F125FF08CC00F70299 /* Products */,
			);
			sourceTree = "<group>";
		};
		189AD6F125FF08CC00F70299 /* Products */ = {
			isa = PBXGroup;
			children = (
				189AD6F025FF08CC00F70299 /* YouTubeStoryBoard.app */,
			);
			name = Products;
			sourceTree = "<group>";
		};
		189AD6F225FF08CC00F70299 /* YouTubeStoryBoard */ = {
			isa = PBXGroup;
			children = (
				189AD6F325FF08CC00F70299 /* AppDelegate.swift */,
				189AD6F525FF08CC00F70299 /* SceneDelegate.swift */,
				189AD6F725FF08CC00F70299 /* ViewController.swift */,
				189AD6F925FF08CC00F70299 /* Main.storyboard */,
				189AD6FC25FF08CD00F70299 /* Assets.xcassets */,
				189AD6FE25FF08CD00F70299 /* LaunchScreen.storyboard */,
				189AD70125FF08CD00F70299 /* Info.plist */,
				189AD70825FF0F4A00F70299 /* Constant.swift */,
				189AD70B25FF117400F70299 /* Vidio.swift */,
				189AD70E25FF123F00F70299 /* Model.swift */,
				184E01222602FF3E00761090 /* Response.swift */,
			);
			path = YouTubeStoryBoard;
			sourceTree = "<group>";
		};
/* End PBXGroup section */

/* Begin PBXNativeTarget section */
		189AD6EF25FF08CC00F70299 /* YouTubeStoryBoard */ = {
			isa = PBXNativeTarget;
			buildConfigurationList = 189AD70425FF08CD00F70299 /* Build configuration list for PBXNativeTarget "YouTubeStoryBoard" */;
			buildPhases = (
				189AD6EC25FF08CC00F70299 /* Sources */,
				189AD6ED25FF08CC00F70299 /* Frameworks */,
				189AD6EE25FF08CC00F70299 /* Resources */,
			);
			buildRules = (
			);
			dependencies = (
			);
			name = YouTubeStoryBoard;
			productName = YouTubeStoryBoard;
			productReference = 189AD6F025FF08CC00F70299 /* YouTubeStoryBoard.app */;
			productType = "com.apple.product-type.application";
		};
/* End PBXNativeTarget section */

/* Begin PBXProject section */
		189AD6E825FF08CC00F70299 /* Project object */ = {
			isa = PBXProject;
			attributes = {
				LastSwiftUpdateCheck = 1240;
				LastUpgradeCheck = 1240;
				TargetAttributes = {
					189AD6EF25FF08CC00F70299 = {
						CreatedOnToolsVersion = 12.4;
					};
				};
			};
			buildConfigurationList = 189AD6EB25FF08CC00F70299 /* Build configuration list for PBXProject "YouTubeStoryBoard" */;
			compatibilityVersion = "Xcode 9.3";
			developmentRegion = en;
			hasScannedForEncodings = 0;
			knownRegions = (
				en,
				Base,
			);
			mainGroup = 189AD6E725FF08CC00F70299;
			productRefGroup = 189AD6F125FF08CC00F70299 /* Products */;
			projectDirPath = "";
			projectRoot = "";
			targets = (
				189AD6EF25FF08CC00F70299 /* YouTubeStoryBoard */,
			);
		};
/* End PBXProject section */

/* Begin PBXResourcesBuildPhase section */
		189AD6EE25FF08CC00F70299 /* Resources */ = {
			isa = PBXResourcesBuildPhase;
			buildActionMask = 2147483647;
			files = (
				189AD70025FF08CD00F70299 /* LaunchScreen.storyboard in Resources */,
				189AD6FD25FF08CD00F70299 /* Assets.xcassets in Resources */,
				189AD6FB25FF08CC00F70299 /* Main.storyboard in Resources */,
			);
			runOnlyForDeploymentPostprocessing = 0;
		};
/* End PBXResourcesBuildPhase section */

/* Begin PBXSourcesBuildPhase section */
		189AD6EC25FF08CC00F70299 /* Sources */ = {
			isa = PBXSourcesBuildPhase;
			buildActionMask = 2147483647;
			files = (
				189AD6F825FF08CC00F70299 /* ViewController.swift in Sources */,
				189AD6F425FF08CC00F70299 /* AppDelegate.swift in Sources */,
				189AD6F625FF08CC00F70299 /* SceneDelegate.swift in Sources */,
				189AD70F25FF123F00F70299 /* Model.swift in Sources */,
				189AD70925FF0F4A00F70299 /* Constant.swift in Sources */,
				189AD70C25FF117400F70299 /* Vidio.swift in Sources */,
				184E01232602FF3E00761090 /* Response.swift in Sources */,
			);
			runOnlyForDeploymentPostprocessing = 0;
		};
/* End PBXSourcesBuildPhase section */

/* Begin PBXVariantGroup section */
		189AD6F925FF08CC00F70299 /* Main.storyboard */ = {
			isa = PBXVariantGroup;
			children = (
				189AD6FA25FF08CC00F70299 /* Base */,
			);
			name = Main.storyboard;
			sourceTree = "<group>";
		};
		189AD6FE25FF08CD00F70299 /* LaunchScreen.storyboard */ = {
			isa = PBXVariantGroup;
			children = (
				189AD6FF25FF08CD00F70299 /* Base */,
			);
			name = LaunchScreen.storyboard;
			sourceTree = "<group>";
		};
/* End PBXVariantGroup section */

/* Begin XCBuildConfiguration section */
		189AD70225FF08CD00F70299 /* Debug */ = {
			isa = XCBuildConfiguration;
			buildSettings = {
				ALWAYS_SEARCH_USER_PATHS = NO;
				CLANG_ANALYZER_NONNULL = YES;
				CLANG_ANALYZER_NUMBER_OBJECT_CONVERSION = YES_AGGRESSIVE;
				CLANG_CXX_LANGUAGE_STANDARD = "gnu++14";
				CLANG_CXX_LIBRARY = "libc++";
				CLANG_ENABLE_MODULES = YES;
				CLANG_ENABLE_OBJC_ARC = YES;
				CLANG_ENABLE_OBJC_WEAK = YES;
				CLANG_WARN_BLOCK_CAPTURE_AUTORELEASING = YES;
				CLANG_WARN_BOOL_CONVERSION = YES;
				CLANG_WARN_COMMA = YES;
				CLANG_WARN_CONSTANT_CONVERSION = YES;
				CLANG_WARN_DEPRECATED_OBJC_IMPLEMENTATIONS = YES;
				CLANG_WARN_DIRECT_OBJC_ISA_USAGE = YES_ERROR;
				CLANG_WARN_DOCUMENTATION_COMMENTS = YES;
				CLANG_WARN_EMPTY_BODY = YES;
				CLANG_WARN_ENUM_CONVERSION = YES;
				CLANG_WARN_INFINITE_RECURSION = YES;
				CLANG_WARN_INT_CONVERSION = YES;
				CLANG_WARN_NON_LITERAL_NULL_CONVERSION = YES;
				CLANG_WARN_OBJC_IMPLICIT_RETAIN_SELF = YES;
				CLANG_WARN_OBJC_LITERAL_CONVERSION = YES;
				CLANG_WARN_OBJC_ROOT_CLASS = YES_ERROR;
				CLANG_WARN_QUOTED_INCLUDE_IN_FRAMEWORK_HEADER = YES;
				CLANG_WARN_RANGE_LOOP_ANALYSIS = YES;
				CLANG_WARN_STRICT_PROTOTYPES = YES;
				CLANG_WARN_SUSPICIOUS_MOVE = YES;
				CLANG_WARN_UNGUARDED_AVAILABILITY = YES_AGGRESSIVE;
				CLANG_WARN_UNREACHABLE_CODE = YES;
				CLANG_WARN__DUPLICATE_METHOD_MATCH = YES;
				COPY_PHASE_STRIP = NO;
				DEBUG_INFORMATION_FORMAT = dwarf;
				ENABLE_STRICT_OBJC_MSGSEND = YES;
				ENABLE_TESTABILITY = YES;
				GCC_C_LANGUAGE_STANDARD = gnu11;
				GCC_DYNAMIC_NO_PIC = NO;
				GCC_NO_COMMON_BLOCKS = YES;
				GCC_OPTIMIZATION_LEVEL = 0;
				GCC_PREPROCESSOR_DEFINITIONS = (
					"DEBUG=1",
					"$(inherited)",
				);
				GCC_WARN_64_TO_32_BIT_CONVERSION = YES;
				GCC_WARN_ABOUT_RETURN_TYPE = YES_ERROR;
				GCC_WARN_UNDECLARED_SELECTOR = YES;
				GCC_WARN_UNINITIALIZED_AUTOS = YES_AGGRESSIVE;
				GCC_WARN_UNUSED_FUNCTION = YES;
				GCC_WARN_UNUSED_VARIABLE = YES;
				IPHONEOS_DEPLOYMENT_TARGET = 14.4;
				MTL_ENABLE_DEBUG_INFO = INCLUDE_SOURCE;
				MTL_FAST_MATH = YES;
				ONLY_ACTIVE_ARCH = YES;
				SDKROOT = iphoneos;
				SWIFT_ACTIVE_COMPILATION_CONDITIONS = DEBUG;
				SWIFT_OPTIMIZATION_LEVEL = "-Onone";
			};
			name = Debug;
		};
		189AD70325FF08CD00F70299 /* Release */ = {
			isa = XCBuildConfiguration;
			buildSettings = {
				ALWAYS_SEARCH_USER_PATHS = NO;
				CLANG_ANALYZER_NONNULL = YES;
				CLANG_ANALYZER_NUMBER_OBJECT_CONVERSION = YES_AGGRESSIVE;
				CLANG_CXX_LANGUAGE_STANDARD = "gnu++14";
				CLANG_CXX_LIBRARY = "libc++";
				CLANG_ENABLE_MODULES = YES;
				CLANG_ENABLE_OBJC_ARC = YES;
				CLANG_ENABLE_OBJC_WEAK = YES;
				CLANG_WARN_BLOCK_CAPTURE_AUTORELEASING = YES;
				CLANG_WARN_BOOL_CONVERSION = YES;
				CLANG_WARN_COMMA = YES;
				CLANG_WARN_CONSTANT_CONVERSION = YES;
				CLANG_WARN_DEPRECATED_OBJC_IMPLEMENTATIONS = YES;
				CLANG_WARN_DIRECT_OBJC_ISA_USAGE = YES_ERROR;
				CLANG_WARN_DOCUMENTATION_COMMENTS = YES;
				CLANG_WARN_EMPTY_BODY = YES;
				CLANG_WARN_ENUM_CONVERSION = YES;
				CLANG_WARN_INFINITE_RECURSION = YES;
				CLANG_WARN_INT_CONVERSION = YES;
				CLANG_WARN_NON_LITERAL_NULL_CONVERSION = YES;
				CLANG_WARN_OBJC_IMPLICIT_RETAIN_SELF = YES;
				CLANG_WARN_OBJC_LITERAL_CONVERSION = YES;
				CLANG_WARN_OBJC_ROOT_CLASS = YES_ERROR;
				CLANG_WARN_QUOTED_INCLUDE_IN_FRAMEWORK_HEADER = YES;
				CLANG_WARN_RANGE_LOOP_ANALYSIS = YES;
				CLANG_WARN_STRICT_PROTOTYPES = YES;
				CLANG_WARN_SUSPICIOUS_MOVE = YES;
				CLANG_WARN_UNGUARDED_AVAILABILITY = YES_AGGRESSIVE;
				CLANG_WARN_UNREACHABLE_CODE = YES;
				CLANG_WARN__DUPLICATE_METHOD_MATCH = YES;
				COPY_PHASE_STRIP = NO;
				DEBUG_INFORMATION_FORMAT = "dwarf-with-dsym";
				ENABLE_NS_ASSERTIONS = NO;
				ENABLE_STRICT_OBJC_MSGSEND = YES;
				GCC_C_LANGUAGE_STANDARD = gnu11;
				GCC_NO_COMMON_BLOCKS = YES;
				GCC_WARN_64_TO_32_BIT_CONVERSION = YES;
				GCC_WARN_ABOUT_RETURN_TYPE = YES_ERROR;
				GCC_WARN_UNDECLARED_SELECTOR = YES;
				GCC_WARN_UNINITIALIZED_AUTOS = YES_AGGRESSIVE;
				GCC_WARN_UNUSED_FUNCTION = YES;
				GCC_WARN_UNUSED_VARIABLE = YES;
				IPHONEOS_DEPLOYMENT_TARGET = 14.4;
				MTL_ENABLE_DEBUG_INFO = NO;
				MTL_FAST_MATH = YES;
				SDKROOT = iphoneos;
				SWIFT_COMPILATION_MODE = wholemodule;
				SWIFT_OPTIMIZATION_LEVEL = "-O";
				VALIDATE_PRODUCT = YES;
			};
			name = Release;
		};
		189AD70525FF08CD00F70299 /* Debug */ = {
			isa = XCBuildConfiguration;
			buildSettings = {
				ASSETCATALOG_COMPILER_APPICON_NAME = AppIcon;
				ASSETCATALOG_COMPILER_GLOBAL_ACCENT_COLOR_NAME = AccentColor;
				CODE_SIGN_STYLE = Automatic;
				INFOPLIST_FILE = YouTubeStoryBoard/Info.plist;
				LD_RUNPATH_SEARCH_PATHS = (
					"$(inherited)",
					"@executable_path/Frameworks",
				);
				PRODUCT_BUNDLE_IDENTIFIER = "RPL-A.YouTubeStoryBoard";
				PRODUCT_NAME = "$(TARGET_NAME)";
				SWIFT_VERSION = 5.0;
				TARGETED_DEVICE_FAMILY = "1,2";
			};
			name = Debug;
		};
		189AD70625FF08CD00F70299 /* Release */ = {
			isa = XCBuildConfiguration;
			buildSettings = {
				ASSETCATALOG_COMPILER_APPICON_NAME = AppIcon;
				ASSETCATALOG_COMPILER_GLOBAL_ACCENT_COLOR_NAME = AccentColor;
				CODE_SIGN_STYLE = Automatic;
				INFOPLIST_FILE = YouTubeStoryBoard/Info.plist;
				LD_RUNPATH_SEARCH_PATHS = (
					"$(inherited)",
					"@executable_path/Frameworks",
				);
				PRODUCT_BUNDLE_IDENTIFIER = "RPL-A.YouTubeStoryBoard";
				PRODUCT_NAME = "$(TARGET_NAME)";
				SWIFT_VERSION = 5.0;
				TARGETED_DEVICE_FAMILY = "1,2";
			};
			name = Release;
		};
/* End XCBuildConfiguration section */

/* Begin XCConfigurationList section */
		189AD6EB25FF08CC00F70299 /* Build configuration list for PBXProject "YouTubeStoryBoard" */ = {
			isa = XCConfigurationList;
			buildConfigurations = (
				189AD70225FF08CD00F70299 /* Debug */,
				189AD70325FF08CD00F70299 /* Release */,
			);
			defaultConfigurationIsVisible = 0;
			defaultConfigurationName = Release;
		};
		189AD70425FF08CD00F70299 /* Build configuration list for PBXNativeTarget "YouTubeStoryBoard" */ = {
			isa = XCConfigurationList;
			buildConfigurations = (
				189AD70525FF08CD00F70299 /* Debug */,
				189AD70625FF08CD00F70299 /* Release */,
			);
			defaultConfigurationIsVisible = 0;
			defaultConfigurationName = Release;
		};
/* End XCConfigurationList section */
	};
	rootObject = 189AD6E825FF08CC00F70299 /* Project object */;
}
